
Microsoft Visual Studio Solution File, Format Version 12.00
Project("{FAE04EC0-301F-11D3-BF4B-00C04F79EFBC}") = "SushiRestaurant", "SushiRestaurant\SushiRestaurant.csproj", "{B0A98D3C-648A-491F-ACFF-4D8368997263}"
EndProject
Global
	GlobalSection(SolutionConfigurationPlatforms) = preSolution
		Debug|Any CPU = Debug|Any CPU
		Release|Any CPU = Release|Any CPU
	EndGlobalSection
	GlobalSection(ProjectConfigurationPlatforms) = postSolution
		{B0A98D3C-648A-491F-ACFF-4D8368997263}.Debug|Any CPU.ActiveCfg = Debug|Any CPU
		{B0A98D3C-648A-491F-ACFF-4D8368997263}.Debug|Any CPU.Build.0 = Debug|Any CPU
		{B0A98D3C-648A-491F-ACFF-4D8368997263}.Release|Any CPU.ActiveCfg = Release|Any CPU
		{B0A98D3C-648A-491F-ACFF-4D8368997263}.Release|Any CPU.Build.0 = Release|Any CPU
	EndGlobalSection
EndGlobal
